
Microsoft Visual Studio Solution File, Format Version 12.00
# Visual Studio 15
VisualStudioVersion = 15.0.26403.7
MinimumVisualStudioVersion = 10.0.40219.1
Project("{8BC9CEB8-8B4A-11D0-8D11-00A0C91BC942}") = "ValoresPorReferencia", "ValoresPorReferencia\ValoresPorReferencia.vcxproj", "{679F5154-FC91-4745-A899-2D4B8345DEA4}"
EndProject
Global
	GlobalSection(SolutionConfigurationPlatforms) = preSolution
		Debug|x64 = Debug|x64
		Debug|x86 = Debug|x86
		Release|x64 = Release|x64
		Release|x86 = Release|x86
	EndGlobalSection
	GlobalSection(ProjectConfigurationPlatforms) = postSolution
		{679F5154-FC91-4745-A899-2D4B8345DEA4}.Debug|x64.ActiveCfg = Debug|x64
		{679F5154-FC91-4745-A899-2D4B8345DEA4}.Debug|x64.Build.0 = Debug|x64
		{679F5154-FC91-4745-A899-2D4B8345DEA4}.Debug|x86.ActiveCfg = Debug|Win32
		{679F5154-FC91-4745-A899-2D4B8345DEA4}.Debug|x86.Build.0 = Debug|Win32
		{679F5154-FC91-4745-A899-2D4B8345DEA4}.Release|x64.ActiveCfg = Release|x64
		{679F5154-FC91-4745-A899-2D4B8345DEA4}.Release|x64.Build.0 = Release|x64
		{679F5154-FC91-4745-A899-2D4B8345DEA4}.Release|x86.ActiveCfg = Release|Win32
		{679F5154-FC91-4745-A899-2D4B8345DEA4}.Release|x86.Build.0 = Release|Win32
	EndGlobalSection
	GlobalSection(SolutionProperties) = preSolution
		HideSolutionNode = FALSE
	EndGlobalSection
EndGlobal
